{
  "version": "0.4.0",
  "lockfileVersion": 1,
  "requires": true,
  "dependencies": {
    "@cycle/dom": {
      "version": "22.4.0",
      "resolved": "https://registry.npmjs.org/@cycle/dom/-/dom-22.4.0.tgz",
      "integrity": "sha512-tJQA+i+iK4L2Z0wy+bVTE3agsq1xAuGK2TjKalb51bIP5lHxffoFFb+RYAxwwcLDPxejruSSVUcg3GQn8lp7Lw==",
      "requires": {
        "@cycle/run": "^5.2.0",
        "snabbdom": "^0.7.2",
        "snabbdom-selector": "^4.2.0",
        "xstream": "*"
      }
    },
    "@cycle/most-run": {
      "version": "8.3.0",
      "resolved": "https://registry.npmjs.org/@cycle/most-run/-/most-run-8.3.0.tgz",
      "integrity": "sha512-6hPGnzCzztsBFSTz8vgEfjj2KLXOa7DTDxoG7kjdKmmTrSJoTVZQWhmTg8v113LBHTfd4umjWX3/90+RUNVIIQ==",
      "requires": {
        "@cycle/run": "^5.2.0",
        "most": "*",
        "xstream": "*"
      }
    },
    "@cycle/run": {
      "version": "5.3.0",
      "resolved": "https://registry.npmjs.org/@cycle/run/-/run-5.3.0.tgz",
      "integrity": "sha512-rAkDrfireTCakTrH6AQZvRw6PhXjbkJVWrKPiaC2sPCvWW/rX2jtMwgM1qO8ipROBxwAOTyq3zEIlEQiRa+qbg==",
      "requires": {
        "quicktask": "1.1.0",
        "xstream": "10.x || 11.x"
      }
    },
    "@most/multicast": {
      "version": "1.3.0",
      "resolved": "https://registry.npmjs.org/@most/multicast/-/multicast-1.3.0.tgz",
      "integrity": "sha512-DWH8AShgp5bXn+auGzf5tzPxvpmEvQJd0CNsApOci1LDF4eAEcnw4HQOr2Jaa+L92NbDYFKBSXxll+i7r1ikvw==",
      "requires": {
        "@most/prelude": "^1.4.0"
      }
    },
    "@most/prelude": {
      "version": "1.7.3",
      "resolved": "https://registry.npmjs.org/@most/prelude/-/prelude-1.7.3.tgz",
      "integrity": "sha512-qWWEnA22UP1lzFfKx75XMut6DUUXGRKe7qv2k+Bgs7ju8lwb5RjsZYyQZ+VcsYvHcIavHKzseLlBMLOe2CvUZw=="
    },
    "most": {
      "version": "1.7.3",
      "resolved": "https://registry.npmjs.org/most/-/most-1.7.3.tgz",
      "integrity": "sha512-mk68SM/ptK8WSo3l03raXcWy02Hl7jbzxVozMuvyYxohn4yteh2THhl3+XABF5cunWE8eXHAsLbv+RCJI5y+jg==",
      "requires": {
        "@most/multicast": "^1.2.5",
        "@most/prelude": "^1.4.0",
        "symbol-observable": "^1.0.2"
      }
    },
    "quicktask": {
      "version": "1.1.0",
      "resolved": "https://registry.npmjs.org/quicktask/-/quicktask-1.1.0.tgz",
      "integrity": "sha512-b3w19IEXnt5auacLAbePVsqPyVQUwmuhJQrrWnVhm4pP8PAMg2U9vFHbAD9XYXXbMDjdLJs0x5NLqwTV8uFK4g=="
    },
    "ramda": {
      "version": "0.26.1",
      "resolved": "https://registry.npmjs.org/ramda/-/ramda-0.26.1.tgz",
      "integrity": "sha512-hLWjpy7EnsDBb0p+Z3B7rPi3GDeRG5ZtiI33kJhTt+ORCd38AbAIjB/9zRIUoeTbE/AVX5ZkU7m6bznsvrf8eQ=="
    },
    "snabbdom": {
      "version": "0.7.3",
      "resolved": "https://registry.npmjs.org/snabbdom/-/snabbdom-0.7.3.tgz",
      "integrity": "sha512-XNh90GQiV36hWdfSL46fIVrSSvmBuZlWk3++qaEgBeQWQJCqTphcbjTODPv8/vyZHJaB3VhePsWfGxi/zBxXyw=="
    },
    "snabbdom-selector": {
      "version": "4.2.0",
      "resolved": "https://registry.npmjs.org/snabbdom-selector/-/snabbdom-selector-4.2.0.tgz",
      "integrity": "sha512-hNIg1xDMxssUeMC/4r3OGxXhm8pbyJ0KIG0pXrA3J5ZQK+FkPa+WA9DYw4ROMLq5/LrfurMNMvy3IMm+0CzcnA==",
      "requires": {
        "tree-selector": "^2.1.0"
      }
    },
    "symbol-observable": {
      "version": "1.2.0",
      "resolved": "https://registry.npmjs.org/symbol-observable/-/symbol-observable-1.2.0.tgz",
      "integrity": "sha512-e900nM8RRtGhlV36KGEU9k65K3mPb1WV70OdjfxlG2EAuM1noi/E/BaW/uMhL7bPEssK8QV57vN3esixjUvcXQ=="
    },
    "tree-selector": {
      "version": "2.1.1",
      "resolved": "https://registry.npmjs.org/tree-selector/-/tree-selector-2.1.1.tgz",
      "integrity": "sha512-NVFYU6YzyUHSMS7+qbhdHlBHG5P9IPjycQa+8MnIBDpq/UWEkMD+lAL/56x7Fty+mAq9SWgtg9D4flZfuOZdDg=="
    },
    "xstream": {
      "version": "11.11.0",
      "resolved": "https://registry.npmjs.org/xstream/-/xstream-11.11.0.tgz",
      "integrity": "sha512-0zF3PLsHrmbToPBgX1jYZFNw+t5octSFJgVRH44HGlGBBjY7gscvDQOZvty8IQV15Snia1RcLPECWDfEaE4aXg==",
      "requires": {
        "symbol-observable": "1.2.0"
      }
    },
    "zen-observable": {
      "version": "0.8.14",
      "resolved": "https://registry.npmjs.org/zen-observable/-/zen-observable-0.8.14.tgz",
      "integrity": "sha512-kQz39uonEjEESwh+qCi83kcC3rZJGh4mrZW7xjkSQYXkq//JZHTtKo+6yuVloTgMtzsIWOJrjIrKvk/dqm0L5g=="
    }
  }
}
