{
	"name": "drifloon",
	"version": "0.20.29",
	"lockfileVersion": 2,
	"requires": true,
	"packages": {
		"": {
			"name": "drifloon",
			"version": "0.20.29",
			"dependencies": {
				"mithril": "2.2.15",
				"purify-ts": "2.1.0"
			},
			"devDependencies": {
				"@types/mithril": "2.2.7",
				"typescript": "5.8.3"
			}
		},
		"node_modules/@types/json-schema": {
			"version": "7.0.15",
			"resolved": "https://registry.npmjs.org/@types/json-schema/-/json-schema-7.0.15.tgz",
			"integrity": "sha512-5+fP8P8MFNC+AyZCDxrB2pkZFPGzqQWUzpSeuuVLvm8VMcorNYavBqoFcxK8bQz4Qsbn4oUEEem4wDLfcysGHA=="
		},
		"node_modules/@types/mithril": {
			"version": "2.2.7",
			"resolved": "https://registry.npmmirror.com/@types/mithril/-/mithril-2.2.7.tgz",
			"integrity": "sha512-uetxoYizBMHPELl6DSZUfO6Q/aOm+h0NUCv9bVAX2iAxfrdBSOvU9KKFl+McTtxR13F+BReYLY814pJsZvnSxg==",
			"dev": true,
			"license": "MIT"
		},
		"node_modules/mithril": {
			"version": "2.2.15",
			"resolved": "https://registry.npmmirror.com/mithril/-/mithril-2.2.15.tgz",
			"integrity": "sha512-jM4bWhyg8FdiSgT+zea9CjDajRnkRK4MggOKTAIEBrYrqRvbnYM0c4hIqn3giomTKSSijt9XadLF/Uz81Sctiw==",
			"license": "MIT"
		},
		"node_modules/purify-ts": {
			"version": "2.1.0",
			"resolved": "https://registry.npmmirror.com/purify-ts/-/purify-ts-2.1.0.tgz",
			"integrity": "sha512-+KNUHV9FxB9BbjadFdvxa+LNJIaqZmSF7CQH5Rv6+f0rBzsxm9FEqrvkALQbWYJobAja2ZCbBDUY7O4fH2znMA==",
			"dependencies": {
				"@types/json-schema": "7.0.15"
			}
		},
		"node_modules/typescript": {
			"version": "5.8.3",
			"resolved": "https://registry.npmmirror.com/typescript/-/typescript-5.8.3.tgz",
			"integrity": "sha512-p1diW6TqL9L07nNxvRMM7hMMw4c5XOo/1ibL4aAIGmSAt9slTE1Xgw5KWuof2uTOvCg9BY7ZRi+GaF+7sfgPeQ==",
			"dev": true,
			"license": "Apache-2.0",
			"bin": {
				"tsc": "bin/tsc",
				"tsserver": "bin/tsserver"
			},
			"engines": {
				"node": ">=14.17"
			}
		}
	},
	"dependencies": {
		"@types/json-schema": {
			"version": "7.0.15",
			"resolved": "https://registry.npmjs.org/@types/json-schema/-/json-schema-7.0.15.tgz",
			"integrity": "sha512-5+fP8P8MFNC+AyZCDxrB2pkZFPGzqQWUzpSeuuVLvm8VMcorNYavBqoFcxK8bQz4Qsbn4oUEEem4wDLfcysGHA=="
		},
		"@types/mithril": {
			"version": "2.2.7",
			"resolved": "https://registry.npmmirror.com/@types/mithril/-/mithril-2.2.7.tgz",
			"integrity": "sha512-uetxoYizBMHPELl6DSZUfO6Q/aOm+h0NUCv9bVAX2iAxfrdBSOvU9KKFl+McTtxR13F+BReYLY814pJsZvnSxg==",
			"dev": true
		},
		"mithril": {
			"version": "2.2.15",
			"resolved": "https://registry.npmmirror.com/mithril/-/mithril-2.2.15.tgz",
			"integrity": "sha512-jM4bWhyg8FdiSgT+zea9CjDajRnkRK4MggOKTAIEBrYrqRvbnYM0c4hIqn3giomTKSSijt9XadLF/Uz81Sctiw=="
		},
		"purify-ts": {
			"version": "2.1.0",
			"resolved": "https://registry.npmmirror.com/purify-ts/-/purify-ts-2.1.0.tgz",
			"integrity": "sha512-+KNUHV9FxB9BbjadFdvxa+LNJIaqZmSF7CQH5Rv6+f0rBzsxm9FEqrvkALQbWYJobAja2ZCbBDUY7O4fH2znMA==",
			"requires": {
				"@types/json-schema": "7.0.15"
			}
		},
		"typescript": {
			"version": "5.8.3",
			"resolved": "https://registry.npmmirror.com/typescript/-/typescript-5.8.3.tgz",
			"integrity": "sha512-p1diW6TqL9L07nNxvRMM7hMMw4c5XOo/1ibL4aAIGmSAt9slTE1Xgw5KWuof2uTOvCg9BY7ZRi+GaF+7sfgPeQ==",
			"dev": true
		}
	}
}
