{
  "version": "0.4.1",
  "lockfileVersion": 1,
  "requires": true,
  "dependencies": {
    "@cycle/dom": {
      "version": "22.3.0",
      "resolved": "https://registry.npmjs.org/@cycle/dom/-/dom-22.3.0.tgz",
      "integrity": "sha512-7VMGsiQsHp8cHD+o3HcuOrvHkTlS7TY1aNyLoEJD0p5cWmxzaiotapFH+6rDpNq4FzuiIeZLR5SPHVNEt9pBQA==",
      "requires": {
        "@cycle/run": "5.2.0",
        "snabbdom": "0.7.3",
        "snabbdom-selector": "4.2.0",
        "xstream": "11.11.0"
      }
    },
    "@cycle/isolate": {
      "version": "5.0.0",
      "resolved": "https://registry.npmjs.org/@cycle/isolate/-/isolate-5.0.0.tgz",
      "integrity": "sha512-9MS+Z7AjRzYljOc+AqSQUQBmQw0473rqv6op0dyhumILydcGirTmR6hrilJ/IYcYjeDEYaVfftYuIu15kU/Qcg==",
      "requires": {
        "@cycle/run": "5.2.0",
        "xstream": "11.11.0"
      }
    },
    "@cycle/run": {
      "version": "5.2.0",
      "resolved": "https://registry.npmjs.org/@cycle/run/-/run-5.2.0.tgz",
      "integrity": "sha512-FTXtJ13I8MkBo7BGBH6S41/vt/Z/s23ZjyhmyTrFGCFxBH5rtIJGcuVPwbSVRlpjFq7G2Vjxd585u+0kANhNvA==",
      "requires": {
        "quicktask": "1.1.0",
        "xstream": "11.11.0"
      }
    },
    "@cycle/rxjs-run": {
      "version": "10.3.0",
      "resolved": "https://registry.npmjs.org/@cycle/rxjs-run/-/rxjs-run-10.3.0.tgz",
      "integrity": "sha512-dqYUIH/YimW1c7JLSh+5SotTHjd3gZylTuuf8o+lV8JHpcoRPtqqNoenpmLh/5MAYu+tQk/jLFWNWw470ceZlw==",
      "requires": {
        "@cycle/run": "5.2.0",
        "rxjs": "6.3.3",
        "symbol-observable": "1.2.0",
        "xstream": "11.11.0"
      },
      "dependencies": {
        "rxjs": {
          "version": "6.3.3",
          "resolved": "https://registry.npmjs.org/rxjs/-/rxjs-6.3.3.tgz",
          "integrity": "sha512-JTWmoY9tWCs7zvIk/CvRjhjGaOd+OVBM987mxFo+OW66cGpdKjZcpmc74ES1sB//7Kl/PAe8+wEakuhG4pcgOw==",
          "requires": {
            "tslib": "1.10.0"
          }
        }
      }
    },
    "@cycle/state": {
      "version": "1.2.0",
      "resolved": "https://registry.npmjs.org/@cycle/state/-/state-1.2.0.tgz",
      "integrity": "sha512-G9Htl8zEuxd3GhYLm0zwARq1CSOeyaL2VN1SCmMUF6wUvrv17xQGfiYOcfOQ9aFeOwJnc+G9p6Dya2uRNNRhog==",
      "requires": {
        "@cycle/isolate": "5.0.0",
        "@cycle/run": "5.2.0",
        "quicktask": "1.1.0",
        "xstream": "11.11.0"
      }
    },
    "quicktask": {
      "version": "1.1.0",
      "resolved": "https://registry.npmjs.org/quicktask/-/quicktask-1.1.0.tgz",
      "integrity": "sha512-b3w19IEXnt5auacLAbePVsqPyVQUwmuhJQrrWnVhm4pP8PAMg2U9vFHbAD9XYXXbMDjdLJs0x5NLqwTV8uFK4g=="
    },
    "ramda": {
      "version": "0.26.1",
      "resolved": "https://registry.npmjs.org/ramda/-/ramda-0.26.1.tgz",
      "integrity": "sha512-hLWjpy7EnsDBb0p+Z3B7rPi3GDeRG5ZtiI33kJhTt+ORCd38AbAIjB/9zRIUoeTbE/AVX5ZkU7m6bznsvrf8eQ=="
    },
    "rxjs": {
      "version": "6.5.3",
      "resolved": "https://registry.npmjs.org/rxjs/-/rxjs-6.5.3.tgz",
      "integrity": "sha512-wuYsAYYFdWTAnAaPoKGNhfpWwKZbJW+HgAJ+mImp+Epl7BG8oNWBCTyRM8gba9k4lk8BgWdoYm21Mo/RYhhbgA==",
      "requires": {
        "tslib": "1.10.0"
      }
    },
    "snabbdom": {
      "version": "0.7.3",
      "resolved": "https://registry.npmjs.org/snabbdom/-/snabbdom-0.7.3.tgz",
      "integrity": "sha512-XNh90GQiV36hWdfSL46fIVrSSvmBuZlWk3++qaEgBeQWQJCqTphcbjTODPv8/vyZHJaB3VhePsWfGxi/zBxXyw=="
    },
    "snabbdom-selector": {
      "version": "4.2.0",
      "resolved": "https://registry.npmjs.org/snabbdom-selector/-/snabbdom-selector-4.2.0.tgz",
      "integrity": "sha512-hNIg1xDMxssUeMC/4r3OGxXhm8pbyJ0KIG0pXrA3J5ZQK+FkPa+WA9DYw4ROMLq5/LrfurMNMvy3IMm+0CzcnA==",
      "requires": {
        "tree-selector": "2.1.0"
      }
    },
    "symbol-observable": {
      "version": "1.2.0",
      "resolved": "https://registry.npmjs.org/symbol-observable/-/symbol-observable-1.2.0.tgz",
      "integrity": "sha512-e900nM8RRtGhlV36KGEU9k65K3mPb1WV70OdjfxlG2EAuM1noi/E/BaW/uMhL7bPEssK8QV57vN3esixjUvcXQ=="
    },
    "tree-selector": {
      "version": "2.1.0",
      "resolved": "https://registry.npmjs.org/tree-selector/-/tree-selector-2.1.0.tgz",
      "integrity": "sha512-Giao15zxN5PvdzJv7HDubn3aSrlsWD9TG9xngYkiuChhIgPH6cQqvCGV5sJ/sWahm7nRtPx46hKax81eyz1sOg=="
    },
    "tslib": {
      "version": "1.10.0",
      "resolved": "https://registry.npmjs.org/tslib/-/tslib-1.10.0.tgz",
      "integrity": "sha512-qOebF53frne81cf0S9B41ByenJ3/IuH8yJKngAX35CmiZySA0khhkovshKK+jGCaMnVomla7gVlIcc3EvKPbTQ=="
    },
    "xstream": {
      "version": "11.11.0",
      "resolved": "https://registry.npmjs.org/xstream/-/xstream-11.11.0.tgz",
      "integrity": "sha512-0zF3PLsHrmbToPBgX1jYZFNw+t5octSFJgVRH44HGlGBBjY7gscvDQOZvty8IQV15Snia1RcLPECWDfEaE4aXg==",
      "requires": {
        "symbol-observable": "1.2.0"
      }
    }
  }
}
